// !$*UTF8*$!
{
	archiveVersion = 1;
	classes = {
	};
	objectVersion = 77;
	objects = {

/* Begin PBXContainerItemProxy section */
		D80608622E1EC0450060E4D1 /* PBXContainerItemProxy */ = {
			isa = PBXContainerItemProxy;
			containerPortal = D80608432E1EC0430060E4D1 /* Project object */;
			proxyType = 1;
			remoteGlobalIDString = D806084A2E1EC0430060E4D1;
			remoteInfo = Achyuth_Demo;
		};
		D806086C2E1EC0450060E4D1 /* PBXContainerItemProxy */ = {
			isa = PBXContainerItemProxy;
			containerPortal = D80608432E1EC0430060E4D1 /* Project object */;
			proxyType = 1;
			remoteGlobalIDString = D806084A2E1EC0430060E4D1;
			remoteInfo = Achyuth_Demo;
		};
/* End PBXContainerItemProxy section */

/* Begin PBXFileReference section */
		D806084B2E1EC0430060E4D1 /* Achyuth_Demo.app */ = {isa = PBXFileReference; explicitFileType = wrapper.application; includeInIndex = 0; path = Achyuth_Demo.app; sourceTree = BUILT_PRODUCTS_DIR; };
		D80608612E1EC0450060E4D1 /* Achyuth_DemoTests.xctest */ = {isa = PBXFileReference; explicitFileType = wrapper.cfbundle; includeInIndex = 0; path = Achyuth_DemoTests.xctest; sourceTree = BUILT_PRODUCTS_DIR; };
		D806086B2E1EC0450060E4D1 /* Achyuth_DemoUITests.xctest */ = {isa = PBXFileReference; explicitFileType = wrapper.cfbundle; includeInIndex = 0; path = Achyuth_DemoUITests.xctest; sourceTree = BUILT_PRODUCTS_DIR; };
		D80608BD2E1EC2360060E4D1 /* XCTest.framework */ = {isa = PBXFileReference; lastKnownFileType = wrapper.framework; name = XCTest.framework; path = Platforms/iPhoneOS.platform/Developer/Library/Frameworks/XCTest.framework; sourceTree = DEVELOPER_DIR; };
/* End PBXFileReference section */

/* Begin PBXFileSystemSynchronizedBuildFileExceptionSet section */
		D80608732E1EC0450060E4D1 /* Exceptions for "Achyuth_Demo" folder in "Achyuth_Demo" target */ = {
			isa = PBXFileSystemSynchronizedBuildFileExceptionSet;
			membershipExceptions = (
				Info.plist,
			);
			target = D806084A2E1EC0430060E4D1 /* Achyuth_Demo */;
		};
		D80608C42E1EC53D0060E4D1 /* Exceptions for "Achyuth_Demo" folder in "Achyuth_DemoTests" target */ = {
			isa = PBXFileSystemSynchronizedBuildFileExceptionSet;
			membershipExceptions = (
				PortfolioUseCaseTest.swift,
				PortfolioViewModelTest.swift,
			);
			target = D80608602E1EC0450060E4D1 /* Achyuth_DemoTests */;
		};
/* End PBXFileSystemSynchronizedBuildFileExceptionSet section */

/* Begin PBXFileSystemSynchronizedRootGroup section */
		D806084D2E1EC0430060E4D1 /* Achyuth_Demo */ = {
			isa = PBXFileSystemSynchronizedRootGroup;
			exceptions = (
				D80608732E1EC0450060E4D1 /* Exceptions for "Achyuth_Demo" folder in "Achyuth_Demo" target */,
				D80608C42E1EC53D0060E4D1 /* Exceptions for "Achyuth_Demo" folder in "Achyuth_DemoTests" target */,
			);
			path = Achyuth_Demo;
			sourceTree = "<group>";
		};
		D80608642E1EC0450060E4D1 /* Achyuth_DemoTests */ = {
			isa = PBXFileSystemSynchronizedRootGroup;
			path = Achyuth_DemoTests;
			sourceTree = "<group>";
		};
		D806086E2E1EC0450060E4D1 /* Achyuth_DemoUITests */ = {
			isa = PBXFileSystemSynchronizedRootGroup;
			path = Achyuth_DemoUITests;
			sourceTree = "<group>";
		};
/* End PBXFileSystemSynchronizedRootGroup section */

/* Begin PBXFrameworksBuildPhase section */
		D80608482E1EC0430060E4D1 /* Frameworks */ = {
			isa = PBXFrameworksBuildPhase;
			buildActionMask = 2147483647;
			files = (
			);
			runOnlyForDeploymentPostprocessing = 0;
		};
		D806085E2E1EC0450060E4D1 /* Frameworks */ = {
			isa = PBXFrameworksBuildPhase;
			buildActionMask = 2147483647;
			files = (
			);
			runOnlyForDeploymentPostprocessing = 0;
		};
		D80608682E1EC0450060E4D1 /* Frameworks */ = {
			isa = PBXFrameworksBuildPhase;
			buildActionMask = 2147483647;
			files = (
			);
			runOnlyForDeploymentPostprocessing = 0;
		};
/* End PBXFrameworksBuildPhase section */

/* Begin PBXGroup section */
		D80608422E1EC0430060E4D1 = {
			isa = PBXGroup;
			children = (
				D806084D2E1EC0430060E4D1 /* Achyuth_Demo */,
				D80608642E1EC0450060E4D1 /* Achyuth_DemoTests */,
				D806086E2E1EC0450060E4D1 /* Achyuth_DemoUITests */,
				D80608BC2E1EC2360060E4D1 /* Frameworks */,
				D806084C2E1EC0430060E4D1 /* Products */,
			);
			sourceTree = "<group>";
		};
		D806084C2E1EC0430060E4D1 /* Products */ = {
			isa = PBXGroup;
			children = (
				D806084B2E1EC0430060E4D1 /* Achyuth_Demo.app */,
				D80608612E1EC0450060E4D1 /* Achyuth_DemoTests.xctest */,
				D806086B2E1EC0450060E4D1 /* Achyuth_DemoUITests.xctest */,
			);
			name = Products;
			sourceTree = "<group>";
		};
		D80608BC2E1EC2360060E4D1 /* Frameworks */ = {
			isa = PBXGroup;
			children = (
				D80608BD2E1EC2360060E4D1 /* XCTest.framework */,
			);
			name = Frameworks;
			sourceTree = "<group>";
		};
/* End PBXGroup section */

/* Begin PBXNativeTarget section */
		D806084A2E1EC0430060E4D1 /* Achyuth_Demo */ = {
			isa = PBXNativeTarget;
			buildConfigurationList = D80608742E1EC0450060E4D1 /* Build configuration list for PBXNativeTarget "Achyuth_Demo" */;
			buildPhases = (
				D80608472E1EC0430060E4D1 /* Sources */,
				D80608482E1EC0430060E4D1 /* Frameworks */,
				D80608492E1EC0430060E4D1 /* Resources */,
			);
			buildRules = (
			);
			dependencies = (
			);
			fileSystemSynchronizedGroups = (
				D806084D2E1EC0430060E4D1 /* Achyuth_Demo */,
			);
			name = Achyuth_Demo;
			packageProductDependencies = (
			);
			productName = Achyuth_Demo;
			productReference = D806084B2E1EC0430060E4D1 /* Achyuth_Demo.app */;
			productType = "com.apple.product-type.application";
		};
		D80608602E1EC0450060E4D1 /* Achyuth_DemoTests */ = {
			isa = PBXNativeTarget;
			buildConfigurationList = D80608792E1EC0450060E4D1 /* Build configuration list for PBXNativeTarget "Achyuth_DemoTests" */;
			buildPhases = (
				D806085D2E1EC0450060E4D1 /* Sources */,
				D806085E2E1EC0450060E4D1 /* Frameworks */,
				D806085F2E1EC0450060E4D1 /* Resources */,
			);
			buildRules = (
			);
			dependencies = (
				D80608632E1EC0450060E4D1 /* PBXTargetDependency */,
			);
			fileSystemSynchronizedGroups = (
				D80608642E1EC0450060E4D1 /* Achyuth_DemoTests */,
			);
			name = Achyuth_DemoTests;
			packageProductDependencies = (
			);
			productName = Achyuth_DemoTests;
			productReference = D80608612E1EC0450060E4D1 /* Achyuth_DemoTests.xctest */;
			productType = "com.apple.product-type.bundle.unit-test";
		};
		D806086A2E1EC0450060E4D1 /* Achyuth_DemoUITests */ = {
			isa = PBXNativeTarget;
			buildConfigurationList = D806087C2E1EC0450060E4D1 /* Build configuration list for PBXNativeTarget "Achyuth_DemoUITests" */;
			buildPhases = (
				D80608672E1EC0450060E4D1 /* Sources */,
				D80608682E1EC0450060E4D1 /* Frameworks */,
				D80608692E1EC0450060E4D1 /* Resources */,
			);
			buildRules = (
			);
			dependencies = (
				D806086D2E1EC0450060E4D1 /* PBXTargetDependency */,
			);
			fileSystemSynchronizedGroups = (
				D806086E2E1EC0450060E4D1 /* Achyuth_DemoUITests */,
			);
			name = Achyuth_DemoUITests;
			packageProductDependencies = (
			);
			productName = Achyuth_DemoUITests;
			productReference = D806086B2E1EC0450060E4D1 /* Achyuth_DemoUITests.xctest */;
			productType = "com.apple.product-type.bundle.ui-testing";
		};
/* End PBXNativeTarget section */

/* Begin PBXProject section */
		D80608432E1EC0430060E4D1 /* Project object */ = {
			isa = PBXProject;
			attributes = {
				BuildIndependentTargetsInParallel = 1;
				LastSwiftUpdateCheck = 1640;
				LastUpgradeCheck = 1640;
				TargetAttributes = {
					D806084A2E1EC0430060E4D1 = {
						CreatedOnToolsVersion = 16.4;
					};
					D80608602E1EC0450060E4D1 = {
						CreatedOnToolsVersion = 16.4;
						TestTargetID = D806084A2E1EC0430060E4D1;
					};
					D806086A2E1EC0450060E4D1 = {
						CreatedOnToolsVersion = 16.4;
						TestTargetID = D806084A2E1EC0430060E4D1;
					};
				};
			};
			buildConfigurationList = D80608462E1EC0430060E4D1 /* Build configuration list for PBXProject "Achyuth_Demo" */;
			developmentRegion = en;
			hasScannedForEncodings = 0;
			knownRegions = (
				en,
				Base,
			);
			mainGroup = D80608422E1EC0430060E4D1;
			minimizedProjectReferenceProxies = 1;
			preferredProjectObjectVersion = 77;
			productRefGroup = D806084C2E1EC0430060E4D1 /* Products */;
			projectDirPath = "";
			projectRoot = "";
			targets = (
				D806084A2E1EC0430060E4D1 /* Achyuth_Demo */,
				D80608602E1EC0450060E4D1 /* Achyuth_DemoTests */,
				D806086A2E1EC0450060E4D1 /* Achyuth_DemoUITests */,
			);
		};
/* End PBXProject section */

/* Begin PBXResourcesBuildPhase section */
		D80608492E1EC0430060E4D1 /* Resources */ = {
			isa = PBXResourcesBuildPhase;
			buildActionMask = 2147483647;
			files = (
			);
			runOnlyForDeploymentPostprocessing = 0;
		};
		D806085F2E1EC0450060E4D1 /* Resources */ = {
			isa = PBXResourcesBuildPhase;
			buildActionMask = 2147483647;
			files = (
			);
			runOnlyForDeploymentPostprocessing = 0;
		};
		D80608692E1EC0450060E4D1 /* Resources */ = {
			isa = PBXResourcesBuildPhase;
			buildActionMask = 2147483647;
			files = (
			);
			runOnlyForDeploymentPostprocessing = 0;
		};
/* End PBXResourcesBuildPhase section */

/* Begin PBXSourcesBuildPhase section */
		D80608472E1EC0430060E4D1 /* Sources */ = {
			isa = PBXSourcesBuildPhase;
			buildActionMask = 2147483647;
			files = (
			);
			runOnlyForDeploymentPostprocessing = 0;
		};
		D806085D2E1EC0450060E4D1 /* Sources */ = {
			isa = PBXSourcesBuildPhase;
			buildActionMask = 2147483647;
			files = (
			);
			runOnlyForDeploymentPostprocessing = 0;
		};
		D80608672E1EC0450060E4D1 /* Sources */ = {
			isa = PBXSourcesBuildPhase;
			buildActionMask = 2147483647;
			files = (
			);
			runOnlyForDeploymentPostprocessing = 0;
		};
/* End PBXSourcesBuildPhase section */

/* Begin PBXTargetDependency section */
		D80608632E1EC0450060E4D1 /* PBXTargetDependency */ = {
			isa = PBXTargetDependency;
			target = D806084A2E1EC0430060E4D1 /* Achyuth_Demo */;
			targetProxy = D80608622E1EC0450060E4D1 /* PBXContainerItemProxy */;
		};
		D806086D2E1EC0450060E4D1 /* PBXTargetDependency */ = {
			isa = PBXTargetDependency;
			target = D806084A2E1EC0430060E4D1 /* Achyuth_Demo */;
			targetProxy = D806086C2E1EC0450060E4D1 /* PBXContainerItemProxy */;
		};
/* End PBXTargetDependency section */

/* Begin XCBuildConfiguration section */
		D80608752E1EC0450060E4D1 /* Debug */ = {
			isa = XCBuildConfiguration;
			buildSettings = {
				ASSETCATALOG_COMPILER_APPICON_NAME = AppIcon;
				ASSETCATALOG_COMPILER_GLOBAL_ACCENT_COLOR_NAME = AccentColor;
				CODE_SIGN_STYLE = Automatic;
				CURRENT_PROJECT_VERSION = 1;
				GENERATE_INFOPLIST_FILE = YES;
				INFOPLIST_FILE = Achyuth_Demo/Info.plist;
				INFOPLIST_KEY_UIApplicationSupportsIndirectInputEvents = YES;
				INFOPLIST_KEY_UILaunchStoryboardName = LaunchScreen;
				INFOPLIST_KEY_UIMainStoryboardFile = Main;
				INFOPLIST_KEY_UISupportedInterfaceOrientations_iPad = "UIInterfaceOrientationPortrait UIInterfaceOrientationPortraitUpsideDown UIInterfaceOrientationLandscapeLeft UIInterfaceOrientationLandscapeRight";
				INFOPLIST_KEY_UISupportedInterfaceOrientations_iPhone = "UIInterfaceOrientationPortrait UIInterfaceOrientationLandscapeLeft UIInterfaceOrientationLandscapeRight";
				LD_RUNPATH_SEARCH_PATHS = (
					"$(inherited)",
					"@executable_path/Frameworks",
				);
				MARKETING_VERSION = 1.0;
				PRODUCT_BUNDLE_IDENTIFIER = "com.Achyuth.NTT.Achyuth-Demo";
				PRODUCT_NAME = "$(TARGET_NAME)";
				SWIFT_EMIT_LOC_STRINGS = YES;
				SWIFT_VERSION = 5.0;
				TARGETED_DEVICE_FAMILY = "1,2";
			};
			name = Debug;
		};
		D80608762E1EC0450060E4D1 /* Release */ = {
			isa = XCBuildConfiguration;
			buildSettings = {
				ASSETCATALOG_COMPILER_APPICON_NAME = AppIcon;
				ASSETCATALOG_COMPILER_GLOBAL_ACCENT_COLOR_NAME = AccentColor;
				CODE_SIGN_STYLE = Automatic;
				CURRENT_PROJECT_VERSION = 1;
				GENERATE_INFOPLIST_FILE = YES;
				INFOPLIST_FILE = Achyuth_Demo/Info.plist;
				INFOPLIST_KEY_UIApplicationSupportsIndirectInputEvents = YES;
				INFOPLIST_KEY_UILaunchStoryboardName = LaunchScreen;
				INFOPLIST_KEY_UIMainStoryboardFile = Main;
				INFOPLIST_KEY_UISupportedInterfaceOrientations_iPad = "UIInterfaceOrientationPortrait UIInterfaceOrientationPortraitUpsideDown UIInterfaceOrientationLandscapeLeft UIInterfaceOrientationLandscapeRight";
				INFOPLIST_KEY_UISupportedInterfaceOrientations_iPhone = "UIInterfaceOrientationPortrait UIInterfaceOrientationLandscapeLeft UIInterfaceOrientationLandscapeRight";
				LD_RUNPATH_SEARCH_PATHS = (
					"$(inherited)",
					"@executable_path/Frameworks",
				);
				MARKETING_VERSION = 1.0;
				PRODUCT_BUNDLE_IDENTIFIER = "com.Achyuth.NTT.Achyuth-Demo";
				PRODUCT_NAME = "$(TARGET_NAME)";
				SWIFT_EMIT_LOC_STRINGS = YES;
				SWIFT_VERSION = 5.0;
				TARGETED_DEVICE_FAMILY = "1,2";
			};
			name = Release;
		};
		D80608772E1EC0450060E4D1 /* Debug */ = {
			isa = XCBuildConfiguration;
			buildSettings = {
				ALWAYS_SEARCH_USER_PATHS = NO;
				ASSETCATALOG_COMPILER_GENERATE_SWIFT_ASSET_SYMBOL_EXTENSIONS = YES;
				CLANG_ANALYZER_NONNULL = YES;
				CLANG_ANALYZER_NUMBER_OBJECT_CONVERSION = YES_AGGRESSIVE;
				CLANG_CXX_LANGUAGE_STANDARD = "gnu++20";
				CLANG_ENABLE_MODULES = YES;
				CLANG_ENABLE_OBJC_ARC = YES;
				CLANG_ENABLE_OBJC_WEAK = YES;
				CLANG_WARN_BLOCK_CAPTURE_AUTORELEASING = YES;
				CLANG_WARN_BOOL_CONVERSION = YES;
				CLANG_WARN_COMMA = YES;
				CLANG_WARN_CONSTANT_CONVERSION = YES;
				CLANG_WARN_DEPRECATED_OBJC_IMPLEMENTATIONS = YES;
				CLANG_WARN_DIRECT_OBJC_ISA_USAGE = YES_ERROR;
				CLANG_WARN_DOCUMENTATION_COMMENTS = YES;
				CLANG_WARN_EMPTY_BODY = YES;
				CLANG_WARN_ENUM_CONVERSION = YES;
				CLANG_WARN_INFINITE_RECURSION = YES;
				CLANG_WARN_INT_CONVERSION = YES;
				CLANG_WARN_NON_LITERAL_NULL_CONVERSION = YES;
				CLANG_WARN_OBJC_IMPLICIT_RETAIN_SELF = YES;
				CLANG_WARN_OBJC_LITERAL_CONVERSION = YES;
				CLANG_WARN_OBJC_ROOT_CLASS = YES_ERROR;
				CLANG_WARN_QUOTED_INCLUDE_IN_FRAMEWORK_HEADER = YES;
				CLANG_WARN_RANGE_LOOP_ANALYSIS = YES;
				CLANG_WARN_STRICT_PROTOTYPES = YES;
				CLANG_WARN_SUSPICIOUS_MOVE = YES;
				CLANG_WARN_UNGUARDED_AVAILABILITY = YES_AGGRESSIVE;
				CLANG_WARN_UNREACHABLE_CODE = YES;
				CLANG_WARN__DUPLICATE_METHOD_MATCH = YES;
				COPY_PHASE_STRIP = NO;
				DEBUG_INFORMATION_FORMAT = dwarf;
				ENABLE_STRICT_OBJC_MSGSEND = YES;
				ENABLE_TESTABILITY = YES;
				ENABLE_USER_SCRIPT_SANDBOXING = YES;
				GCC_C_LANGUAGE_STANDARD = gnu17;
				GCC_DYNAMIC_NO_PIC = NO;
				GCC_NO_COMMON_BLOCKS = YES;
				GCC_OPTIMIZATION_LEVEL = 0;
				GCC_PREPROCESSOR_DEFINITIONS = (
					"DEBUG=1",
					"$(inherited)",
				);
				GCC_WARN_64_TO_32_BIT_CONVERSION = YES;
				GCC_WARN_ABOUT_RETURN_TYPE = YES_ERROR;
				GCC_WARN_UNDECLARED_SELECTOR = YES;
				GCC_WARN_UNINITIALIZED_AUTOS = YES_AGGRESSIVE;
				GCC_WARN_UNUSED_FUNCTION = YES;
				GCC_WARN_UNUSED_VARIABLE = YES;
				IPHONEOS_DEPLOYMENT_TARGET = 18.5;
				LOCALIZATION_PREFERS_STRING_CATALOGS = YES;
				MTL_ENABLE_DEBUG_INFO = INCLUDE_SOURCE;
				MTL_FAST_MATH = YES;
				ONLY_ACTIVE_ARCH = YES;
				SDKROOT = iphoneos;
				SWIFT_ACTIVE_COMPILATION_CONDITIONS = "DEBUG $(inherited)";
				SWIFT_OPTIMIZATION_LEVEL = "-Onone";
			};
			name = Debug;
		};
		D80608782E1EC0450060E4D1 /* Release */ = {
			isa = XCBuildConfiguration;
			buildSettings = {
				ALWAYS_SEARCH_USER_PATHS = NO;
				ASSETCATALOG_COMPILER_GENERATE_SWIFT_ASSET_SYMBOL_EXTENSIONS = YES;
				CLANG_ANALYZER_NONNULL = YES;
				CLANG_ANALYZER_NUMBER_OBJECT_CONVERSION = YES_AGGRESSIVE;
				CLANG_CXX_LANGUAGE_STANDARD = "gnu++20";
				CLANG_ENABLE_MODULES = YES;
				CLANG_ENABLE_OBJC_ARC = YES;
				CLANG_ENABLE_OBJC_WEAK = YES;
				CLANG_WARN_BLOCK_CAPTURE_AUTORELEASING = YES;
				CLANG_WARN_BOOL_CONVERSION = YES;
				CLANG_WARN_COMMA = YES;
				CLANG_WARN_CONSTANT_CONVERSION = YES;
				CLANG_WARN_DEPRECATED_OBJC_IMPLEMENTATIONS = YES;
				CLANG_WARN_DIRECT_OBJC_ISA_USAGE = YES_ERROR;
				CLANG_WARN_DOCUMENTATION_COMMENTS = YES;
				CLANG_WARN_EMPTY_BODY = YES;
				CLANG_WARN_ENUM_CONVERSION = YES;
				CLANG_WARN_INFINITE_RECURSION = YES;
				CLANG_WARN_INT_CONVERSION = YES;
				CLANG_WARN_NON_LITERAL_NULL_CONVERSION = YES;
				CLANG_WARN_OBJC_IMPLICIT_RETAIN_SELF = YES;
				CLANG_WARN_OBJC_LITERAL_CONVERSION = YES;
				CLANG_WARN_OBJC_ROOT_CLASS = YES_ERROR;
				CLANG_WARN_QUOTED_INCLUDE_IN_FRAMEWORK_HEADER = YES;
				CLANG_WARN_RANGE_LOOP_ANALYSIS = YES;
				CLANG_WARN_STRICT_PROTOTYPES = YES;
				CLANG_WARN_SUSPICIOUS_MOVE = YES;
				CLANG_WARN_UNGUARDED_AVAILABILITY = YES_AGGRESSIVE;
				CLANG_WARN_UNREACHABLE_CODE = YES;
				CLANG_WARN__DUPLICATE_METHOD_MATCH = YES;
				COPY_PHASE_STRIP = NO;
				DEBUG_INFORMATION_FORMAT = "dwarf-with-dsym";
				ENABLE_NS_ASSERTIONS = NO;
				ENABLE_STRICT_OBJC_MSGSEND = YES;
				ENABLE_USER_SCRIPT_SANDBOXING = YES;
				GCC_C_LANGUAGE_STANDARD = gnu17;
				GCC_NO_COMMON_BLOCKS = YES;
				GCC_WARN_64_TO_32_BIT_CONVERSION = YES;
				GCC_WARN_ABOUT_RETURN_TYPE = YES_ERROR;
				GCC_WARN_UNDECLARED_SELECTOR = YES;
				GCC_WARN_UNINITIALIZED_AUTOS = YES_AGGRESSIVE;
				GCC_WARN_UNUSED_FUNCTION = YES;
				GCC_WARN_UNUSED_VARIABLE = YES;
				IPHONEOS_DEPLOYMENT_TARGET = 18.5;
				LOCALIZATION_PREFERS_STRING_CATALOGS = YES;
				MTL_ENABLE_DEBUG_INFO = NO;
				MTL_FAST_MATH = YES;
				SDKROOT = iphoneos;
				SWIFT_COMPILATION_MODE = wholemodule;
				VALIDATE_PRODUCT = YES;
			};
			name = Release;
		};
		D806087A2E1EC0450060E4D1 /* Debug */ = {
			isa = XCBuildConfiguration;
			buildSettings = {
				BUNDLE_LOADER = "$(TEST_HOST)";
				CODE_SIGN_STYLE = Automatic;
				CURRENT_PROJECT_VERSION = 1;
				GENERATE_INFOPLIST_FILE = YES;
				IPHONEOS_DEPLOYMENT_TARGET = 18.5;
				MARKETING_VERSION = 1.0;
				PRODUCT_BUNDLE_IDENTIFIER = "com.Achyuth.NTT.Achyuth-DemoTests";
				PRODUCT_NAME = "$(TARGET_NAME)";
				SWIFT_EMIT_LOC_STRINGS = NO;
				SWIFT_VERSION = 5.0;
				TARGETED_DEVICE_FAMILY = "1,2";
				TEST_HOST = "$(BUILT_PRODUCTS_DIR)/Achyuth_Demo.app/$(BUNDLE_EXECUTABLE_FOLDER_PATH)/Achyuth_Demo";
			};
			name = Debug;
		};
		D806087B2E1EC0450060E4D1 /* Release */ = {
			isa = XCBuildConfiguration;
			buildSettings = {
				BUNDLE_LOADER = "$(TEST_HOST)";
				CODE_SIGN_STYLE = Automatic;
				CURRENT_PROJECT_VERSION = 1;
				GENERATE_INFOPLIST_FILE = YES;
				IPHONEOS_DEPLOYMENT_TARGET = 18.5;
				MARKETING_VERSION = 1.0;
				PRODUCT_BUNDLE_IDENTIFIER = "com.Achyuth.NTT.Achyuth-DemoTests";
				PRODUCT_NAME = "$(TARGET_NAME)";
				SWIFT_EMIT_LOC_STRINGS = NO;
				SWIFT_VERSION = 5.0;
				TARGETED_DEVICE_FAMILY = "1,2";
				TEST_HOST = "$(BUILT_PRODUCTS_DIR)/Achyuth_Demo.app/$(BUNDLE_EXECUTABLE_FOLDER_PATH)/Achyuth_Demo";
			};
			name = Release;
		};
		D806087D2E1EC0450060E4D1 /* Debug */ = {
			isa = XCBuildConfiguration;
			buildSettings = {
				CODE_SIGN_STYLE = Automatic;
				CURRENT_PROJECT_VERSION = 1;
				GENERATE_INFOPLIST_FILE = YES;
				MARKETING_VERSION = 1.0;
				PRODUCT_BUNDLE_IDENTIFIER = "com.Achyuth.NTT.Achyuth-DemoUITests";
				PRODUCT_NAME = "$(TARGET_NAME)";
				SWIFT_EMIT_LOC_STRINGS = NO;
				SWIFT_VERSION = 5.0;
				TARGETED_DEVICE_FAMILY = "1,2";
				TEST_TARGET_NAME = Achyuth_Demo;
			};
			name = Debug;
		};
		D806087E2E1EC0450060E4D1 /* Release */ = {
			isa = XCBuildConfiguration;
			buildSettings = {
				CODE_SIGN_STYLE = Automatic;
				CURRENT_PROJECT_VERSION = 1;
				GENERATE_INFOPLIST_FILE = YES;
				MARKETING_VERSION = 1.0;
				PRODUCT_BUNDLE_IDENTIFIER = "com.Achyuth.NTT.Achyuth-DemoUITests";
				PRODUCT_NAME = "$(TARGET_NAME)";
				SWIFT_EMIT_LOC_STRINGS = NO;
				SWIFT_VERSION = 5.0;
				TARGETED_DEVICE_FAMILY = "1,2";
				TEST_TARGET_NAME = Achyuth_Demo;
			};
			name = Release;
		};
/* End XCBuildConfiguration section */

/* Begin XCConfigurationList section */
		D80608462E1EC0430060E4D1 /* Build configuration list for PBXProject "Achyuth_Demo" */ = {
			isa = XCConfigurationList;
			buildConfigurations = (
				D80608772E1EC0450060E4D1 /* Debug */,
				D80608782E1EC0450060E4D1 /* Release */,
			);
			defaultConfigurationIsVisible = 0;
			defaultConfigurationName = Release;
		};
		D80608742E1EC0450060E4D1 /* Build configuration list for PBXNativeTarget "Achyuth_Demo" */ = {
			isa = XCConfigurationList;
			buildConfigurations = (
				D80608752E1EC0450060E4D1 /* Debug */,
				D80608762E1EC0450060E4D1 /* Release */,
			);
			defaultConfigurationIsVisible = 0;
			defaultConfigurationName = Release;
		};
		D80608792E1EC0450060E4D1 /* Build configuration list for PBXNativeTarget "Achyuth_DemoTests" */ = {
			isa = XCConfigurationList;
			buildConfigurations = (
				D806087A2E1EC0450060E4D1 /* Debug */,
				D806087B2E1EC0450060E4D1 /* Release */,
			);
			defaultConfigurationIsVisible = 0;
			defaultConfigurationName = Release;
		};
		D806087C2E1EC0450060E4D1 /* Build configuration list for PBXNativeTarget "Achyuth_DemoUITests" */ = {
			isa = XCConfigurationList;
			buildConfigurations = (
				D806087D2E1EC0450060E4D1 /* Debug */,
				D806087E2E1EC0450060E4D1 /* Release */,
			);
			defaultConfigurationIsVisible = 0;
			defaultConfigurationName = Release;
		};
/* End XCConfigurationList section */
	};
	rootObject = D80608432E1EC0430060E4D1 /* Project object */;
}
